// !$*UTF8*$!
{
	archiveVersion = 1;
	classes = {
	};
	objectVersion = 46;
	objects = {

/* Begin PBXBuildFile section */
		4ADE1328198D347100C17437 /* Foundation.framework in Frameworks */ = {isa = PBXBuildFile; fileRef = 4ADE1327198D347100C17437 /* Foundation.framework */; };
		4ADE132A198D347100C17437 /* CoreGraphics.framework in Frameworks */ = {isa = PBXBuildFile; fileRef = 4ADE1329198D347100C17437 /* CoreGraphics.framework */; };
		4ADE132C198D347100C17437 /* UIKit.framework in Frameworks */ = {isa = PBXBuildFile; fileRef = 4ADE132B198D347100C17437 /* UIKit.framework */; };
		4ADE1332198D347100C17437 /* InfoPlist.strings in Resources */ = {isa = PBXBuildFile; fileRef = 4ADE1330198D347100C17437 /* InfoPlist.strings */; };
		4ADE1334198D347100C17437 /* main.m in Sources */ = {isa = PBXBuildFile; fileRef = 4ADE1333198D347100C17437 /* main.m */; };
		4ADE1338198D347100C17437 /* XYZAppDelegate.m in Sources */ = {isa = PBXBuildFile; fileRef = 4ADE1337198D347100C17437 /* XYZAppDelegate.m */; };
		4ADE133A198D347200C17437 /* Images.xcassets in Resources */ = {isa = PBXBuildFile; fileRef = 4ADE1339198D347200C17437 /* Images.xcassets */; };
		4ADE1341198D347200C17437 /* XCTest.framework in Frameworks */ = {isa = PBXBuildFile; fileRef = 4ADE1340198D347200C17437 /* XCTest.framework */; };
		4ADE1342198D347200C17437 /* Foundation.framework in Frameworks */ = {isa = PBXBuildFile; fileRef = 4ADE1327198D347100C17437 /* Foundation.framework */; };
		4ADE1343198D347200C17437 /* UIKit.framework in Frameworks */ = {isa = PBXBuildFile; fileRef = 4ADE132B198D347100C17437 /* UIKit.framework */; };
		4ADE134B198D347200C17437 /* InfoPlist.strings in Resources */ = {isa = PBXBuildFile; fileRef = 4ADE1349198D347200C17437 /* InfoPlist.strings */; };
		4ADE134D198D347200C17437 /* TodoListTests.m in Sources */ = {isa = PBXBuildFile; fileRef = 4ADE134C198D347200C17437 /* TodoListTests.m */; };
/* End PBXBuildFile section */

/* Begin PBXContainerItemProxy section */
		4ADE1344198D347200C17437 /* PBXContainerItemProxy */ = {
			isa = PBXContainerItemProxy;
			containerPortal = 4ADE131C198D347100C17437 /* Project object */;
			proxyType = 1;
			remoteGlobalIDString = 4ADE1323198D347100C17437;
			remoteInfo = TodoList;
		};
/* End PBXContainerItemProxy section */

/* Begin PBXFileReference section */
		4ADE1324198D347100C17437 /* TodoList.app */ = {isa = PBXFileReference; explicitFileType = wrapper.application; includeInIndex = 0; path = TodoList.app; sourceTree = BUILT_PRODUCTS_DIR; };
		4ADE1327198D347100C17437 /* Foundation.framework */ = {isa = PBXFileReference; lastKnownFileType = wrapper.framework; name = Foundation.framework; path = System/Library/Frameworks/Foundation.framework; sourceTree = SDKROOT; };
		4ADE1329198D347100C17437 /* CoreGraphics.framework */ = {isa = PBXFileReference; lastKnownFileType = wrapper.framework; name = CoreGraphics.framework; path = System/Library/Frameworks/CoreGraphics.framework; sourceTree = SDKROOT; };
		4ADE132B198D347100C17437 /* UIKit.framework */ = {isa = PBXFileReference; lastKnownFileType = wrapper.framework; name = UIKit.framework; path = System/Library/Frameworks/UIKit.framework; sourceTree = SDKROOT; };
		4ADE132F198D347100C17437 /* TodoList-Info.plist */ = {isa = PBXFileReference; lastKnownFileType = text.plist.xml; path = "TodoList-Info.plist"; sourceTree = "<group>"; };
		4ADE1331198D347100C17437 /* en */ = {isa = PBXFileReference; lastKnownFileType = text.plist.strings; name = en; path = en.lproj/InfoPlist.strings; sourceTree = "<group>"; };
		4ADE1333198D347100C17437 /* main.m */ = {isa = PBXFileReference; lastKnownFileType = sourcecode.c.objc; path = main.m; sourceTree = "<group>"; };
		4ADE1335198D347100C17437 /* TodoList-Prefix.pch */ = {isa = PBXFileReference; lastKnownFileType = sourcecode.c.h; path = "TodoList-Prefix.pch"; sourceTree = "<group>"; };
		4ADE1336198D347100C17437 /* XYZAppDelegate.h */ = {isa = PBXFileReference; lastKnownFileType = sourcecode.c.h; path = XYZAppDelegate.h; sourceTree = "<group>"; };
		4ADE1337198D347100C17437 /* XYZAppDelegate.m */ = {isa = PBXFileReference; lastKnownFileType = sourcecode.c.objc; path = XYZAppDelegate.m; sourceTree = "<group>"; };
		4ADE1339198D347200C17437 /* Images.xcassets */ = {isa = PBXFileReference; lastKnownFileType = folder.assetcatalog; path = Images.xcassets; sourceTree = "<group>"; };
		4ADE133F198D347200C17437 /* TodoListTests.xctest */ = {isa = PBXFileReference; explicitFileType = wrapper.cfbundle; includeInIndex = 0; path = TodoListTests.xctest; sourceTree = BUILT_PRODUCTS_DIR; };
		4ADE1340198D347200C17437 /* XCTest.framework */ = {isa = PBXFileReference; lastKnownFileType = wrapper.framework; name = XCTest.framework; path = Library/Frameworks/XCTest.framework; sourceTree = DEVELOPER_DIR; };
		4ADE1348198D347200C17437 /* TodoListTests-Info.plist */ = {isa = PBXFileReference; lastKnownFileType = text.plist.xml; path = "TodoListTests-Info.plist"; sourceTree = "<group>"; };
		4ADE134A198D347200C17437 /* en */ = {isa = PBXFileReference; lastKnownFileType = text.plist.strings; name = en; path = en.lproj/InfoPlist.strings; sourceTree = "<group>"; };
		4ADE134C198D347200C17437 /* TodoListTests.m */ = {isa = PBXFileReference; lastKnownFileType = sourcecode.c.objc; path = TodoListTests.m; sourceTree = "<group>"; };
/* End PBXFileReference section */

/* Begin PBXFrameworksBuildPhase section */
		4ADE1321198D347100C17437 /* Frameworks */ = {
			isa = PBXFrameworksBuildPhase;
			buildActionMask = 2147483647;
			files = (
				4ADE132A198D347100C17437 /* CoreGraphics.framework in Frameworks */,
				4ADE132C198D347100C17437 /* UIKit.framework in Frameworks */,
				4ADE1328198D347100C17437 /* Foundation.framework in Frameworks */,
			);
			runOnlyForDeploymentPostprocessing = 0;
		};
		4ADE133C198D347200C17437 /* Frameworks */ = {
			isa = PBXFrameworksBuildPhase;
			buildActionMask = 2147483647;
			files = (
				4ADE1341198D347200C17437 /* XCTest.framework in Frameworks */,
				4ADE1343198D347200C17437 /* UIKit.framework in Frameworks */,
				4ADE1342198D347200C17437 /* Foundation.framework in Frameworks */,
			);
			runOnlyForDeploymentPostprocessing = 0;
		};
/* End PBXFrameworksBuildPhase section */

/* Begin PBXGroup section */
		4ADE131B198D347100C17437 = {
			isa = PBXGroup;
			children = (
				4ADE132D198D347100C17437 /* TodoList */,
				4ADE1346198D347200C17437 /* TodoListTests */,
				4ADE1326198D347100C17437 /* Frameworks */,
				4ADE1325198D347100C17437 /* Products */,
			);
			sourceTree = "<group>";
		};
		4ADE1325198D347100C17437 /* Products */ = {
			isa = PBXGroup;
			children = (
				4ADE1324198D347100C17437 /* TodoList.app */,
				4ADE133F198D347200C17437 /* TodoListTests.xctest */,
			);
			name = Products;
			sourceTree = "<group>";
		};
		4ADE1326198D347100C17437 /* Frameworks */ = {
			isa = PBXGroup;
			children = (
				4ADE1327198D347100C17437 /* Foundation.framework */,
				4ADE1329198D347100C17437 /* CoreGraphics.framework */,
				4ADE132B198D347100C17437 /* UIKit.framework */,
				4ADE1340198D347200C17437 /* XCTest.framework */,
			);
			name = Frameworks;
			sourceTree = "<group>";
		};
		4ADE132D198D347100C17437 /* TodoList */ = {
			isa = PBXGroup;
			children = (
				4ADE1336198D347100C17437 /* XYZAppDelegate.h */,
				4ADE1337198D347100C17437 /* XYZAppDelegate.m */,
				4ADE1339198D347200C17437 /* Images.xcassets */,
				4ADE132E198D347100C17437 /* Supporting Files */,
			);
			path = TodoList;
			sourceTree = "<group>";
		};
		4ADE132E198D347100C17437 /* Supporting Files */ = {
			isa = PBXGroup;
			children = (
				4ADE132F198D347100C17437 /* TodoList-Info.plist */,
				4ADE1330198D347100C17437 /* InfoPlist.strings */,
				4ADE1333198D347100C17437 /* main.m */,
				4ADE1335198D347100C17437 /* TodoList-Prefix.pch */,
			);
			name = "Supporting Files";
			sourceTree = "<group>";
		};
		4ADE1346198D347200C17437 /* TodoListTests */ = {
			isa = PBXGroup;
			children = (
				4ADE134C198D347200C17437 /* TodoListTests.m */,
				4ADE1347198D347200C17437 /* Supporting Files */,
			);
			path = TodoListTests;
			sourceTree = "<group>";
		};
		4ADE1347198D347200C17437 /* Supporting Files */ = {
			isa = PBXGroup;
			children = (
				4ADE1348198D347200C17437 /* TodoListTests-Info.plist */,
				4ADE1349198D347200C17437 /* InfoPlist.strings */,
			);
			name = "Supporting Files";
			sourceTree = "<group>";
		};
/* End PBXGroup section */

/* Begin PBXNativeTarget section */
		4ADE1323198D347100C17437 /* TodoList */ = {
			isa = PBXNativeTarget;
			buildConfigurationList = 4ADE1350198D347200C17437 /* Build configuration list for PBXNativeTarget "TodoList" */;
			buildPhases = (
				4ADE1320198D347100C17437 /* Sources */,
				4ADE1321198D347100C17437 /* Frameworks */,
				4ADE1322198D347100C17437 /* Resources */,
			);
			buildRules = (
			);
			dependencies = (
			);
			name = TodoList;
			productName = TodoList;
			productReference = 4ADE1324198D347100C17437 /* TodoList.app */;
			productType = "com.apple.product-type.application";
		};
		4ADE133E198D347200C17437 /* TodoListTests */ = {
			isa = PBXNativeTarget;
			buildConfigurationList = 4ADE1353198D347200C17437 /* Build configuration list for PBXNativeTarget "TodoListTests" */;
			buildPhases = (
				4ADE133B198D347200C17437 /* Sources */,
				4ADE133C198D347200C17437 /* Frameworks */,
				4ADE133D198D347200C17437 /* Resources */,
			);
			buildRules = (
			);
			dependencies = (
				4ADE1345198D347200C17437 /* PBXTargetDependency */,
			);
			name = TodoListTests;
			productName = TodoListTests;
			productReference = 4ADE133F198D347200C17437 /* TodoListTests.xctest */;
			productType = "com.apple.product-type.bundle.unit-test";
		};
/* End PBXNativeTarget section */

/* Begin PBXProject section */
		4ADE131C198D347100C17437 /* Project object */ = {
			isa = PBXProject;
			attributes = {
				CLASSPREFIX = XYZ;
				LastUpgradeCheck = 0510;
				ORGANIZATIONNAME = example;
				TargetAttributes = {
					4ADE133E198D347200C17437 = {
						TestTargetID = 4ADE1323198D347100C17437;
					};
				};
			};
			buildConfigurationList = 4ADE131F198D347100C17437 /* Build configuration list for PBXProject "TodoList" */;
			compatibilityVersion = "Xcode 3.2";
			developmentRegion = English;
			hasScannedForEncodings = 0;
			knownRegions = (
				en,
			);
			mainGroup = 4ADE131B198D347100C17437;
			productRefGroup = 4ADE1325198D347100C17437 /* Products */;
			projectDirPath = "";
			projectRoot = "";
			targets = (
				4ADE1323198D347100C17437 /* TodoList */,
				4ADE133E198D347200C17437 /* TodoListTests */,
			);
		};
/* End PBXProject section */

/* Begin PBXResourcesBuildPhase section */
		4ADE1322198D347100C17437 /* Resources */ = {
			isa = PBXResourcesBuildPhase;
			buildActionMask = 2147483647;
			files = (
				4ADE1332198D347100C17437 /* InfoPlist.strings in Resources */,
				4ADE133A198D347200C17437 /* Images.xcassets in Resources */,
			);
			runOnlyForDeploymentPostprocessing = 0;
		};
		4ADE133D198D347200C17437 /* Resources */ = {
			isa = PBXResourcesBuildPhase;
			buildActionMask = 2147483647;
			files = (
				4ADE134B198D347200C17437 /* InfoPlist.strings in Resources */,
			);
			runOnlyForDeploymentPostprocessing = 0;
		};
/* End PBXResourcesBuildPhase section */

/* Begin PBXSourcesBuildPhase section */
		4ADE1320198D347100C17437 /* Sources */ = {
			isa = PBXSourcesBuildPhase;
			buildActionMask = 2147483647;
			files = (
				4ADE1338198D347100C17437 /* XYZAppDelegate.m in Sources */,
				4ADE1334198D347100C17437 /* main.m in Sources */,
			);
			runOnlyForDeploymentPostprocessing = 0;
		};
		4ADE133B198D347200C17437 /* Sources */ = {
			isa = PBXSourcesBuildPhase;
			buildActionMask = 2147483647;
			files = (
				4ADE134D198D347200C17437 /* TodoListTests.m in Sources */,
			);
			runOnlyForDeploymentPostprocessing = 0;
		};
/* End PBXSourcesBuildPhase section */

/* Begin PBXTargetDependency section */
		4ADE1345198D347200C17437 /* PBXTargetDependency */ = {
			isa = PBXTargetDependency;
			target = 4ADE1323198D347100C17437 /* TodoList */;
			targetProxy = 4ADE1344198D347200C17437 /* PBXContainerItemProxy */;
		};
/* End PBXTargetDependency section */

/* Begin PBXVariantGroup section */
		4ADE1330198D347100C17437 /* InfoPlist.strings */ = {
			isa = PBXVariantGroup;
			children = (
				4ADE1331198D347100C17437 /* en */,
			);
			name = InfoPlist.strings;
			sourceTree = "<group>";
		};
		4ADE1349198D347200C17437 /* InfoPlist.strings */ = {
			isa = PBXVariantGroup;
			children = (
				4ADE134A198D347200C17437 /* en */,
			);
			name = InfoPlist.strings;
			sourceTree = "<group>";
		};
/* End PBXVariantGroup section */

/* Begin XCBuildConfiguration section */
		4ADE134E198D347200C17437 /* Debug */ = {
			isa = XCBuildConfiguration;
			buildSettings = {
				ALWAYS_SEARCH_USER_PATHS = NO;
				CLANG_CXX_LANGUAGE_STANDARD = "gnu++0x";
				CLANG_CXX_LIBRARY = "libc++";
				CLANG_ENABLE_MODULES = YES;
				CLANG_ENABLE_OBJC_ARC = YES;
				CLANG_WARN_BOOL_CONVERSION = YES;
				CLANG_WARN_CONSTANT_CONVERSION = YES;
				CLANG_WARN_DIRECT_OBJC_ISA_USAGE = YES_ERROR;
				CLANG_WARN_EMPTY_BODY = YES;
				CLANG_WARN_ENUM_CONVERSION = YES;
				CLANG_WARN_INT_CONVERSION = YES;
				CLANG_WARN_OBJC_ROOT_CLASS = YES_ERROR;
				CLANG_WARN__DUPLICATE_METHOD_MATCH = YES;
				"CODE_SIGN_IDENTITY[sdk=iphoneos*]" = "iPhone Developer";
				COPY_PHASE_STRIP = NO;
				GCC_C_LANGUAGE_STANDARD = gnu99;
				GCC_DYNAMIC_NO_PIC = NO;
				GCC_OPTIMIZATION_LEVEL = 0;
				GCC_PREPROCESSOR_DEFINITIONS = (
					"DEBUG=1",
					"$(inherited)",
				);
				GCC_SYMBOLS_PRIVATE_EXTERN = NO;
				GCC_WARN_64_TO_32_BIT_CONVERSION = YES;
				GCC_WARN_ABOUT_RETURN_TYPE = YES_ERROR;
				GCC_WARN_UNDECLARED_SELECTOR = YES;
				GCC_WARN_UNINITIALIZED_AUTOS = YES_AGGRESSIVE;
				GCC_WARN_UNUSED_FUNCTION = YES;
				GCC_WARN_UNUSED_VARIABLE = YES;
				IPHONEOS_DEPLOYMENT_TARGET = 7.1;
				ONLY_ACTIVE_ARCH = YES;
				SDKROOT = iphoneos;
			};
			name = Debug;
		};
		4ADE134F198D347200C17437 /* Release */ = {
			isa = XCBuildConfiguration;
			buildSettings = {
				ALWAYS_SEARCH_USER_PATHS = NO;
				CLANG_CXX_LANGUAGE_STANDARD = "gnu++0x";
				CLANG_CXX_LIBRARY = "libc++";
				CLANG_ENABLE_MODULES = YES;
				CLANG_ENABLE_OBJC_ARC = YES;
				CLANG_WARN_BOOL_CONVERSION = YES;
				CLANG_WARN_CONSTANT_CONVERSION = YES;
				CLANG_WARN_DIRECT_OBJC_ISA_USAGE = YES_ERROR;
				CLANG_WARN_EMPTY_BODY = YES;
				CLANG_WARN_ENUM_CONVERSION = YES;
				CLANG_WARN_INT_CONVERSION = YES;
				CLANG_WARN_OBJC_ROOT_CLASS = YES_ERROR;
				CLANG_WARN__DUPLICATE_METHOD_MATCH = YES;
				"CODE_SIGN_IDENTITY[sdk=iphoneos*]" = "iPhone Developer";
				COPY_PHASE_STRIP = YES;
				ENABLE_NS_ASSERTIONS = NO;
				GCC_C_LANGUAGE_STANDARD = gnu99;
				GCC_WARN_64_TO_32_BIT_CONVERSION = YES;
				GCC_WARN_ABOUT_RETURN_TYPE = YES_ERROR;
				GCC_WARN_UNDECLARED_SELECTOR = YES;
				GCC_WARN_UNINITIALIZED_AUTOS = YES_AGGRESSIVE;
				GCC_WARN_UNUSED_FUNCTION = YES;
				GCC_WARN_UNUSED_VARIABLE = YES;
				IPHONEOS_DEPLOYMENT_TARGET = 7.1;
				SDKROOT = iphoneos;
				VALIDATE_PRODUCT = YES;
			};
			name = Release;
		};
		4ADE1351198D347200C17437 /* Debug */ = {
			isa = XCBuildConfiguration;
			buildSettings = {
				ASSETCATALOG_COMPILER_APPICON_NAME = AppIcon;
				ASSETCATALOG_COMPILER_LAUNCHIMAGE_NAME = LaunchImage;
				GCC_PRECOMPILE_PREFIX_HEADER = YES;
				GCC_PREFIX_HEADER = "TodoList/TodoList-Prefix.pch";
				INFOPLIST_FILE = "TodoList/TodoList-Info.plist";
				PRODUCT_NAME = "$(TARGET_NAME)";
				WRAPPER_EXTENSION = app;
			};
			name = Debug;
		};
		4ADE1352198D347200C17437 /* Release */ = {
			isa = XCBuildConfiguration;
			buildSettings = {
				ASSETCATALOG_COMPILER_APPICON_NAME = AppIcon;
				ASSETCATALOG_COMPILER_LAUNCHIMAGE_NAME = LaunchImage;
				GCC_PRECOMPILE_PREFIX_HEADER = YES;
				GCC_PREFIX_HEADER = "TodoList/TodoList-Prefix.pch";
				INFOPLIST_FILE = "TodoList/TodoList-Info.plist";
				PRODUCT_NAME = "$(TARGET_NAME)";
				WRAPPER_EXTENSION = app;
			};
			name = Release;
		};
		4ADE1354198D347200C17437 /* Debug */ = {
			isa = XCBuildConfiguration;
			buildSettings = {
				BUNDLE_LOADER = "$(BUILT_PRODUCTS_DIR)/TodoList.app/TodoList";
				FRAMEWORK_SEARCH_PATHS = (
					"$(SDKROOT)/Developer/Library/Frameworks",
					"$(inherited)",
					"$(DEVELOPER_FRAMEWORKS_DIR)",
				);
				GCC_PRECOMPILE_PREFIX_HEADER = YES;
				GCC_PREFIX_HEADER = "TodoList/TodoList-Prefix.pch";
				GCC_PREPROCESSOR_DEFINITIONS = (
					"DEBUG=1",
					"$(inherited)",
				);
				INFOPLIST_FILE = "TodoListTests/TodoListTests-Info.plist";
				PRODUCT_NAME = "$(TARGET_NAME)";
				TEST_HOST = "$(BUNDLE_LOADER)";
				WRAPPER_EXTENSION = xctest;
			};
			name = Debug;
		};
		4ADE1355198D347200C17437 /* Release */ = {
			isa = XCBuildConfiguration;
			buildSettings = {
				BUNDLE_LOADER = "$(BUILT_PRODUCTS_DIR)/TodoList.app/TodoList";
				FRAMEWORK_SEARCH_PATHS = (
					"$(SDKROOT)/Developer/Library/Frameworks",
					"$(inherited)",
					"$(DEVELOPER_FRAMEWORKS_DIR)",
				);
				GCC_PRECOMPILE_PREFIX_HEADER = YES;
				GCC_PREFIX_HEADER = "TodoList/TodoList-Prefix.pch";
				INFOPLIST_FILE = "TodoListTests/TodoListTests-Info.plist";
				PRODUCT_NAME = "$(TARGET_NAME)";
				TEST_HOST = "$(BUNDLE_LOADER)";
				WRAPPER_EXTENSION = xctest;
			};
			name = Release;
		};
/* End XCBuildConfiguration section */

/* Begin XCConfigurationList section */
		4ADE131F198D347100C17437 /* Build configuration list for PBXProject "TodoList" */ = {
			isa = XCConfigurationList;
			buildConfigurations = (
				4ADE134E198D347200C17437 /* Debug */,
				4ADE134F198D347200C17437 /* Release */,
			);
			defaultConfigurationIsVisible = 0;
			defaultConfigurationName = Release;
		};
		4ADE1350198D347200C17437 /* Build configuration list for PBXNativeTarget "TodoList" */ = {
			isa = XCConfigurationList;
			buildConfigurations = (
				4ADE1351198D347200C17437 /* Debug */,
				4ADE1352198D347200C17437 /* Release */,
			);
			defaultConfigurationIsVisible = 0;
		};
		4ADE1353198D347200C17437 /* Build configuration list for PBXNativeTarget "TodoListTests" */ = {
			isa = XCConfigurationList;
			buildConfigurations = (
				4ADE1354198D347200C17437 /* Debug */,
				4ADE1355198D347200C17437 /* Release */,
			);
			defaultConfigurationIsVisible = 0;
		};
/* End XCConfigurationList section */
	};
	rootObject = 4ADE131C198D347100C17437 /* Project object */;
}
